
Microsoft Visual Studio Solution File, Format Version 12.00
# Visual Studio Version 17
VisualStudioVersion = 17.4.33110.190
MinimumVisualStudioVersion = 10.0.40219.1
Project("{9A19103F-16F7-4668-BE54-9A1E7A4F7556}") = "APICRUD", "APICRUD\APICRUD.csproj", "{96082848-2F91-4E3A-B379-CBE858F7A9D7}"
EndProject
Global
	GlobalSection(SolutionConfigurationPlatforms) = preSolution
		Debug|Any CPU = Debug|Any CPU
		Release|Any CPU = Release|Any CPU
	EndGlobalSection
	GlobalSection(ProjectConfigurationPlatforms) = postSolution
		{96082848-2F91-4E3A-B379-CBE858F7A9D7}.Debug|Any CPU.ActiveCfg = Debug|Any CPU
		{96082848-2F91-4E3A-B379-CBE858F7A9D7}.Debug|Any CPU.Build.0 = Debug|Any CPU
		{96082848-2F91-4E3A-B379-CBE858F7A9D7}.Release|Any CPU.ActiveCfg = Release|Any CPU
		{96082848-2F91-4E3A-B379-CBE858F7A9D7}.Release|Any CPU.Build.0 = Release|Any CPU
	EndGlobalSection
	GlobalSection(SolutionProperties) = preSolution
		HideSolutionNode = FALSE
	EndGlobalSection
	GlobalSection(ExtensibilityGlobals) = postSolution
		SolutionGuid = {E7A15E49-8ED8-4AC5-9FD3-B29F1B1B6D0C}
	EndGlobalSection
EndGlobal
